
Microsoft Visual Studio Solution File, Format Version 12.00
# Visual Studio Version 17
VisualStudioVersion = 17.12.35707.178
MinimumVisualStudioVersion = 10.0.40219.1
Project("{FAE04EC0-301F-11D3-BF4B-00C04F79EFBC}") = "UserService", "UserService\UserService.csproj", "{F2EAD2FF-EE03-47D4-BDFF-4CAF11FE0C2E}"
EndProject
Project("{FAE04EC0-301F-11D3-BF4B-00C04F79EFBC}") = "MonitoringService", "MonitoringService\MonitoringService.csproj", "{382C6CA5-2F07-46BB-B01F-EC95660FF4C8}"
EndProject
Project("{FAE04EC0-301F-11D3-BF4B-00C04F79EFBC}") = "NotificationService", "NotificationService\NotificationService.csproj", "{1E7E8806-05D0-4F35-9C40-D93B3C9C045D}"
EndProject
Project("{FAE04EC0-301F-11D3-BF4B-00C04F79EFBC}") = "DataService", "DataService\DataService.csproj", "{5F20EA53-258B-4408-B562-DB335EBAF687}"
EndProject
Global
	GlobalSection(SolutionConfigurationPlatforms) = preSolution
		Debug|Any CPU = Debug|Any CPU
		Release|Any CPU = Release|Any CPU
	EndGlobalSection
	GlobalSection(ProjectConfigurationPlatforms) = postSolution
		{F2EAD2FF-EE03-47D4-BDFF-4CAF11FE0C2E}.Debug|Any CPU.ActiveCfg = Debug|Any CPU
		{F2EAD2FF-EE03-47D4-BDFF-4CAF11FE0C2E}.Debug|Any CPU.Build.0 = Debug|Any CPU
		{F2EAD2FF-EE03-47D4-BDFF-4CAF11FE0C2E}.Release|Any CPU.ActiveCfg = Release|Any CPU
		{F2EAD2FF-EE03-47D4-BDFF-4CAF11FE0C2E}.Release|Any CPU.Build.0 = Release|Any CPU
		{382C6CA5-2F07-46BB-B01F-EC95660FF4C8}.Debug|Any CPU.ActiveCfg = Debug|Any CPU
		{382C6CA5-2F07-46BB-B01F-EC95660FF4C8}.Debug|Any CPU.Build.0 = Debug|Any CPU
		{382C6CA5-2F07-46BB-B01F-EC95660FF4C8}.Release|Any CPU.ActiveCfg = Release|Any CPU
		{382C6CA5-2F07-46BB-B01F-EC95660FF4C8}.Release|Any CPU.Build.0 = Release|Any CPU
		{1E7E8806-05D0-4F35-9C40-D93B3C9C045D}.Debug|Any CPU.ActiveCfg = Debug|Any CPU
		{1E7E8806-05D0-4F35-9C40-D93B3C9C045D}.Debug|Any CPU.Build.0 = Debug|Any CPU
		{1E7E8806-05D0-4F35-9C40-D93B3C9C045D}.Release|Any CPU.ActiveCfg = Release|Any CPU
		{1E7E8806-05D0-4F35-9C40-D93B3C9C045D}.Release|Any CPU.Build.0 = Release|Any CPU
		{5F20EA53-258B-4408-B562-DB335EBAF687}.Debug|Any CPU.ActiveCfg = Debug|Any CPU
		{5F20EA53-258B-4408-B562-DB335EBAF687}.Debug|Any CPU.Build.0 = Debug|Any CPU
		{5F20EA53-258B-4408-B562-DB335EBAF687}.Release|Any CPU.ActiveCfg = Release|Any CPU
		{5F20EA53-258B-4408-B562-DB335EBAF687}.Release|Any CPU.Build.0 = Release|Any CPU
	EndGlobalSection
	GlobalSection(SolutionProperties) = preSolution
		HideSolutionNode = FALSE
	EndGlobalSection
	GlobalSection(ExtensibilityGlobals) = postSolution
		SolutionGuid = {58535EC7-DC25-45E8-991A-EFB8BB2816EA}
	EndGlobalSection
EndGlobal
