
Microsoft Visual Studio Solution File, Format Version 12.00
# Visual Studio Version 17
VisualStudioVersion = 17.12.35707.178 d17.12
MinimumVisualStudioVersion = 10.0.40219.1
Project("{FAE04EC0-301F-11D3-BF4B-00C04F79EFBC}") = "UserService", "UserService\UserService.csproj", "{F2EAD2FF-EE03-47D4-BDFF-4CAF11FE0C2E}"
EndProject
Project("{FAE04EC0-301F-11D3-BF4B-00C04F79EFBC}") = "MonitoringService", "MonitoringService\MonitoringService.csproj", "{382C6CA5-2F07-46BB-B01F-EC95660FF4C8}"
EndProject
Project("{FAE04EC0-301F-11D3-BF4B-00C04F79EFBC}") = "NotificationService", "NotificationService\NotificationService.csproj", "{1E7E8806-05D0-4F35-9C40-D93B3C9C045D}"
EndProject
Project("{2150E333-8FDC-42A3-9474-1A3956D46DE8}") = "K8S", "K8S", "{35957D02-0489-42D7-99D0-D41975ED7239}"
EndProject
Global
	GlobalSection(SolutionConfigurationPlatforms) = preSolution
		Debug|Any CPU = Debug|Any CPU
		Release|Any CPU = Release|Any CPU
	EndGlobalSection
	GlobalSection(ProjectConfigurationPlatforms) = postSolution
		{F2EAD2FF-EE03-47D4-BDFF-4CAF11FE0C2E}.Debug|Any CPU.ActiveCfg = Debug|Any CPU
		{F2EAD2FF-EE03-47D4-BDFF-4CAF11FE0C2E}.Debug|Any CPU.Build.0 = Debug|Any CPU
		{F2EAD2FF-EE03-47D4-BDFF-4CAF11FE0C2E}.Release|Any CPU.ActiveCfg = Release|Any CPU
		{F2EAD2FF-EE03-47D4-BDFF-4CAF11FE0C2E}.Release|Any CPU.Build.0 = Release|Any CPU
		{382C6CA5-2F07-46BB-B01F-EC95660FF4C8}.Debug|Any CPU.ActiveCfg = Debug|Any CPU
		{382C6CA5-2F07-46BB-B01F-EC95660FF4C8}.Debug|Any CPU.Build.0 = Debug|Any CPU
		{382C6CA5-2F07-46BB-B01F-EC95660FF4C8}.Release|Any CPU.ActiveCfg = Release|Any CPU
		{382C6CA5-2F07-46BB-B01F-EC95660FF4C8}.Release|Any CPU.Build.0 = Release|Any CPU
		{1E7E8806-05D0-4F35-9C40-D93B3C9C045D}.Debug|Any CPU.ActiveCfg = Debug|Any CPU
		{1E7E8806-05D0-4F35-9C40-D93B3C9C045D}.Debug|Any CPU.Build.0 = Debug|Any CPU
		{1E7E8806-05D0-4F35-9C40-D93B3C9C045D}.Release|Any CPU.ActiveCfg = Release|Any CPU
		{1E7E8806-05D0-4F35-9C40-D93B3C9C045D}.Release|Any CPU.Build.0 = Release|Any CPU
	EndGlobalSection
	GlobalSection(SolutionProperties) = preSolution
		HideSolutionNode = FALSE
	EndGlobalSection
EndGlobal
